
Microsoft Visual Studio Solution File, Format Version 12.00
# Visual Studio 15
Project("{FAE04EC0-301F-11D3-BF4B-00C04F79EFBC}") = "Xamarin.Forms.HereMaps.Android", "Xamarin.Forms.HereMaps.Android\Xamarin.Forms.HereMaps.Android.csproj", "{4FF5C85A-B2D0-41B0-82B6-F39F18C1733A}"
EndProject
Project("{FAE04EC0-301F-11D3-BF4B-00C04F79EFBC}") = "Xamarin.Forms.HereMaps.iOS", "Xamarin.Forms.HereMaps.iOS\Xamarin.Forms.HereMaps.iOS.csproj", "{7B46DD74-0AAD-45CC-91C2-1697D94FF43A}"
EndProject
Project("{FAE04EC0-301F-11D3-BF4B-00C04F79EFBC}") = "Xamarin.Forms.HereMaps", "Xamarin.Forms.HereMaps\Xamarin.Forms.HereMaps.csproj", "{5B2E58CF-B2A4-41E5-B3F9-C8E5475C8AEB}"
EndProject
Global
	GlobalSection(SolutionConfigurationPlatforms) = preSolution
		Debug|Any CPU = Debug|Any CPU
		Release|Any CPU = Release|Any CPU
		Debug|iPhoneSimulator = Debug|iPhoneSimulator
		Release|iPhoneSimulator = Release|iPhoneSimulator
		Debug|iPhone = Debug|iPhone
		Release|iPhone = Release|iPhone
	EndGlobalSection
	GlobalSection(ProjectConfigurationPlatforms) = postSolution
		{4FF5C85A-B2D0-41B0-82B6-F39F18C1733A}.Debug|Any CPU.ActiveCfg = Debug|Any CPU
		{4FF5C85A-B2D0-41B0-82B6-F39F18C1733A}.Debug|Any CPU.Build.0 = Debug|Any CPU
		{4FF5C85A-B2D0-41B0-82B6-F39F18C1733A}.Release|Any CPU.ActiveCfg = Release|Any CPU
		{4FF5C85A-B2D0-41B0-82B6-F39F18C1733A}.Release|Any CPU.Build.0 = Release|Any CPU
		{4FF5C85A-B2D0-41B0-82B6-F39F18C1733A}.Debug|iPhoneSimulator.ActiveCfg = Debug|Any CPU
		{4FF5C85A-B2D0-41B0-82B6-F39F18C1733A}.Debug|iPhoneSimulator.Build.0 = Debug|Any CPU
		{4FF5C85A-B2D0-41B0-82B6-F39F18C1733A}.Release|iPhoneSimulator.ActiveCfg = Release|Any CPU
		{4FF5C85A-B2D0-41B0-82B6-F39F18C1733A}.Release|iPhoneSimulator.Build.0 = Release|Any CPU
		{4FF5C85A-B2D0-41B0-82B6-F39F18C1733A}.Debug|iPhone.ActiveCfg = Debug|Any CPU
		{4FF5C85A-B2D0-41B0-82B6-F39F18C1733A}.Debug|iPhone.Build.0 = Debug|Any CPU
		{4FF5C85A-B2D0-41B0-82B6-F39F18C1733A}.Release|iPhone.ActiveCfg = Release|Any CPU
		{4FF5C85A-B2D0-41B0-82B6-F39F18C1733A}.Release|iPhone.Build.0 = Release|Any CPU
		{7B46DD74-0AAD-45CC-91C2-1697D94FF43A}.Debug|Any CPU.ActiveCfg = Debug|iPhoneSimulator
		{7B46DD74-0AAD-45CC-91C2-1697D94FF43A}.Debug|Any CPU.Build.0 = Debug|iPhoneSimulator
		{7B46DD74-0AAD-45CC-91C2-1697D94FF43A}.Release|Any CPU.ActiveCfg = Release|iPhoneSimulator
		{7B46DD74-0AAD-45CC-91C2-1697D94FF43A}.Release|Any CPU.Build.0 = Release|iPhoneSimulator
		{7B46DD74-0AAD-45CC-91C2-1697D94FF43A}.Debug|iPhoneSimulator.ActiveCfg = Debug|iPhoneSimulator
		{7B46DD74-0AAD-45CC-91C2-1697D94FF43A}.Debug|iPhoneSimulator.Build.0 = Debug|iPhoneSimulator
		{7B46DD74-0AAD-45CC-91C2-1697D94FF43A}.Release|iPhoneSimulator.ActiveCfg = Release|iPhoneSimulator
		{7B46DD74-0AAD-45CC-91C2-1697D94FF43A}.Release|iPhoneSimulator.Build.0 = Release|iPhoneSimulator
		{7B46DD74-0AAD-45CC-91C2-1697D94FF43A}.Debug|iPhone.ActiveCfg = Debug|iPhone
		{7B46DD74-0AAD-45CC-91C2-1697D94FF43A}.Debug|iPhone.Build.0 = Debug|iPhone
		{7B46DD74-0AAD-45CC-91C2-1697D94FF43A}.Release|iPhone.ActiveCfg = Release|iPhone
		{7B46DD74-0AAD-45CC-91C2-1697D94FF43A}.Release|iPhone.Build.0 = Release|iPhone
		{5B2E58CF-B2A4-41E5-B3F9-C8E5475C8AEB}.Debug|Any CPU.ActiveCfg = Debug|Any CPU
		{5B2E58CF-B2A4-41E5-B3F9-C8E5475C8AEB}.Debug|Any CPU.Build.0 = Debug|Any CPU
		{5B2E58CF-B2A4-41E5-B3F9-C8E5475C8AEB}.Release|Any CPU.ActiveCfg = Release|Any CPU
		{5B2E58CF-B2A4-41E5-B3F9-C8E5475C8AEB}.Release|Any CPU.Build.0 = Release|Any CPU
		{5B2E58CF-B2A4-41E5-B3F9-C8E5475C8AEB}.Debug|iPhoneSimulator.ActiveCfg = Debug|Any CPU
		{5B2E58CF-B2A4-41E5-B3F9-C8E5475C8AEB}.Debug|iPhoneSimulator.Build.0 = Debug|Any CPU
		{5B2E58CF-B2A4-41E5-B3F9-C8E5475C8AEB}.Release|iPhoneSimulator.ActiveCfg = Release|Any CPU
		{5B2E58CF-B2A4-41E5-B3F9-C8E5475C8AEB}.Release|iPhoneSimulator.Build.0 = Release|Any CPU
		{5B2E58CF-B2A4-41E5-B3F9-C8E5475C8AEB}.Debug|iPhone.ActiveCfg = Debug|Any CPU
		{5B2E58CF-B2A4-41E5-B3F9-C8E5475C8AEB}.Debug|iPhone.Build.0 = Debug|Any CPU
		{5B2E58CF-B2A4-41E5-B3F9-C8E5475C8AEB}.Release|iPhone.ActiveCfg = Release|Any CPU
		{5B2E58CF-B2A4-41E5-B3F9-C8E5475C8AEB}.Release|iPhone.Build.0 = Release|Any CPU
	EndGlobalSection
EndGlobal
